
Microsoft Visual Studio Solution File, Format Version 12.00
# Visual Studio Version 17
VisualStudioVersion = 17.14.36121.58
MinimumVisualStudioVersion = 10.0.40219.1
Project("{FAE04EC0-301F-11D3-BF4B-00C04F79EFBC}") = "RealDotNetApp", "RealDotNetApp.csproj", "{3A0D45BA-A785-42CF-C33D-9710D8EF8447}"
EndProject
Project("{FAE04EC0-301F-11D3-BF4B-00C04F79EFBC}") = "RealDotNetApp.Tests", "..\RealDotNetApp.Tests\RealDotNetApp.Tests.csproj", "{DD73AEEB-DF43-494C-B027-F6C01707AA6C}"
EndProject
Global
	GlobalSection(SolutionConfigurationPlatforms) = preSolution
		Debug|Any CPU = Debug|Any CPU
		Release|Any CPU = Release|Any CPU
	EndGlobalSection
	GlobalSection(ProjectConfigurationPlatforms) = postSolution
		{3A0D45BA-A785-42CF-C33D-9710D8EF8447}.Debug|Any CPU.ActiveCfg = Debug|Any CPU
		{3A0D45BA-A785-42CF-C33D-9710D8EF8447}.Debug|Any CPU.Build.0 = Debug|Any CPU
		{3A0D45BA-A785-42CF-C33D-9710D8EF8447}.Release|Any CPU.ActiveCfg = Release|Any CPU
		{3A0D45BA-A785-42CF-C33D-9710D8EF8447}.Release|Any CPU.Build.0 = Release|Any CPU
		{DD73AEEB-DF43-494C-B027-F6C01707AA6C}.Debug|Any CPU.ActiveCfg = Debug|Any CPU
		{DD73AEEB-DF43-494C-B027-F6C01707AA6C}.Debug|Any CPU.Build.0 = Debug|Any CPU
		{DD73AEEB-DF43-494C-B027-F6C01707AA6C}.Release|Any CPU.ActiveCfg = Release|Any CPU
		{DD73AEEB-DF43-494C-B027-F6C01707AA6C}.Release|Any CPU.Build.0 = Release|Any CPU
	EndGlobalSection
	GlobalSection(SolutionProperties) = preSolution
		HideSolutionNode = FALSE
	EndGlobalSection
	GlobalSection(ExtensibilityGlobals) = postSolution
		SolutionGuid = {5F27C75B-3EDA-4916-8722-3AA7E515C642}
	EndGlobalSection
EndGlobal
