
Microsoft Visual Studio Solution File, Format Version 12.00
# Visual Studio Version 17
VisualStudioVersion = 17.14.36121.58
MinimumVisualStudioVersion = 10.0.40219.1
Project("{FAE04EC0-301F-11D3-BF4B-00C04F79EFBC}") = "RealDotNetApp", "RealDotNetApp.Api\RealDotNetApp.csproj", "{D22742F6-D030-EBC6-5474-D7365C61D6D6}"
EndProject
Project("{FAE04EC0-301F-11D3-BF4B-00C04F79EFBC}") = "RealDotNetApp.Tests", "RealDotNetApp.Tests\RealDotNetApp.Tests.csproj", "{7C1E1DEE-CFC1-465F-B9E0-AFAD9E7D4C26}"
EndProject
Global
	GlobalSection(SolutionConfigurationPlatforms) = preSolution
		Debug|Any CPU = Debug|Any CPU
		Release|Any CPU = Release|Any CPU
	EndGlobalSection
	GlobalSection(ProjectConfigurationPlatforms) = postSolution
		{D22742F6-D030-EBC6-5474-D7365C61D6D6}.Debug|Any CPU.ActiveCfg = Debug|Any CPU
		{D22742F6-D030-EBC6-5474-D7365C61D6D6}.Debug|Any CPU.Build.0 = Debug|Any CPU
		{D22742F6-D030-EBC6-5474-D7365C61D6D6}.Release|Any CPU.ActiveCfg = Release|Any CPU
		{D22742F6-D030-EBC6-5474-D7365C61D6D6}.Release|Any CPU.Build.0 = Release|Any CPU
		{7C1E1DEE-CFC1-465F-B9E0-AFAD9E7D4C26}.Debug|Any CPU.ActiveCfg = Debug|Any CPU
		{7C1E1DEE-CFC1-465F-B9E0-AFAD9E7D4C26}.Debug|Any CPU.Build.0 = Debug|Any CPU
		{7C1E1DEE-CFC1-465F-B9E0-AFAD9E7D4C26}.Release|Any CPU.ActiveCfg = Release|Any CPU
		{7C1E1DEE-CFC1-465F-B9E0-AFAD9E7D4C26}.Release|Any CPU.Build.0 = Release|Any CPU
	EndGlobalSection
	GlobalSection(SolutionProperties) = preSolution
		HideSolutionNode = FALSE
	EndGlobalSection
	GlobalSection(ExtensibilityGlobals) = postSolution
		SolutionGuid = {5F27C75B-3EDA-4916-8722-3AA7E515C642}
	EndGlobalSection
EndGlobal
